{
  "markbot": "a2de5bdaa1efaa00fac8f245a7f76ecce2881ff635d3b0339f9934a0af65db83",
  "index-320.png": "9caeb07347591a3ddce7b83e8d8ca8ab40f50d02c7b39ab996945c1ac4587b4c",
  "index-400.png": "ca7eb1191237957c7893608cddbc0d6031c5513e2044752b59f2eaa07fb4ac00",
  "index-650.png": "7f7d09616b4041c14f7eb3e3253bd9ab2d0bc58ed478cd518e8b688119e3b4b5",
  "index-980.png": "a4ba8821f16815a5ca2bfb86a50b32b32359ecb510e017d6d138f88f29e2fa5e",
  "index-1400.png": "e67285e2d7b6f20e802e642722a22ea95fd58908d788839c48eb3d188a3cc132"
}