{
  "markbot": "1033fcc9bf1ad22c77e18f9f3f6870d42bc002c02aadaa21f69f20f3ec3d6bb9",
  "index-320.png": "f4553ef550cdaffd00dae5c0141aefdfb9458ba2f529bf2f99d2881a7388498c",
  "index-400.png": "cd0f0d461f6d0264a8e659f7e84ed13c3066b8969b7e6fa81cd5cb89664e851b",
  "index-650.png": "1a74257349974fb2b7776a77c64524e88b47172339339d0715690b025f43ff7f",
  "index-980.png": "0a286b7158c643eb4955845debced922e46166f78bd5b83cdc85dab27e4beebd",
  "index-1400.png": "2714653885ae30821905724d361ea3716335811be1199d7bdac9f69546edd350"
}